// !$*UTF8*$!
{
	archiveVersion = 1;
	classes = {
	};
	objectVersion = 48;
	objects = {

/* Begin PBXBuildFile section */
		CD35D0BE201945780035D40B /* AppDelegate.swift in Sources */ = {isa = PBXBuildFile; fileRef = CD35D0BD201945780035D40B /* AppDelegate.swift */; };
		CD35D0C0201945780035D40B /* ViewController.swift in Sources */ = {isa = PBXBuildFile; fileRef = CD35D0BF201945780035D40B /* ViewController.swift */; };
		CD35D0C3201945780035D40B /* Main.storyboard in Resources */ = {isa = PBXBuildFile; fileRef = CD35D0C1201945780035D40B /* Main.storyboard */; };
		CD35D0C5201945780035D40B /* Assets.xcassets in Resources */ = {isa = PBXBuildFile; fileRef = CD35D0C4201945780035D40B /* Assets.xcassets */; };
		CD35D0C8201945780035D40B /* LaunchScreen.storyboard in Resources */ = {isa = PBXBuildFile; fileRef = CD35D0C6201945780035D40B /* LaunchScreen.storyboard */; };
		CD35D0D3201945780035D40B /* tipCalTests.swift in Sources */ = {isa = PBXBuildFile; fileRef = CD35D0D2201945780035D40B /* tipCalTests.swift */; };
		CD35D0DE201945780035D40B /* tipCalUITests.swift in Sources */ = {isa = PBXBuildFile; fileRef = CD35D0DD201945780035D40B /* tipCalUITests.swift */; };
/* End PBXBuildFile section */

/* Begin PBXContainerItemProxy section */
		CD35D0CF201945780035D40B /* PBXContainerItemProxy */ = {
			isa = PBXContainerItemProxy;
			containerPortal = CD35D0B2201945780035D40B /* Project object */;
			proxyType = 1;
			remoteGlobalIDString = CD35D0B9201945780035D40B;
			remoteInfo = tipCal;
		};
		CD35D0DA201945780035D40B /* PBXContainerItemProxy */ = {
			isa = PBXContainerItemProxy;
			containerPortal = CD35D0B2201945780035D40B /* Project object */;
			proxyType = 1;
			remoteGlobalIDString = CD35D0B9201945780035D40B;
			remoteInfo = tipCal;
		};
/* End PBXContainerItemProxy section */

/* Begin PBXFileReference section */
		CD35D0BA201945780035D40B /* tipCal.app */ = {isa = PBXFileReference; explicitFileType = wrapper.application; includeInIndex = 0; path = tipCal.app; sourceTree = BUILT_PRODUCTS_DIR; };
		CD35D0BD201945780035D40B /* AppDelegate.swift */ = {isa = PBXFileReference; lastKnownFileType = sourcecode.swift; path = AppDelegate.swift; sourceTree = "<group>"; };
		CD35D0BF201945780035D40B /* ViewController.swift */ = {isa = PBXFileReference; lastKnownFileType = sourcecode.swift; path = ViewController.swift; sourceTree = "<group>"; };
		CD35D0C2201945780035D40B /* Base */ = {isa = PBXFileReference; lastKnownFileType = file.storyboard; name = Base; path = Base.lproj/Main.storyboard; sourceTree = "<group>"; };
		CD35D0C4201945780035D40B /* Assets.xcassets */ = {isa = PBXFileReference; lastKnownFileType = folder.assetcatalog; path = Assets.xcassets; sourceTree = "<group>"; };
		CD35D0C7201945780035D40B /* Base */ = {isa = PBXFileReference; lastKnownFileType = file.storyboard; name = Base; path = Base.lproj/LaunchScreen.storyboard; sourceTree = "<group>"; };
		CD35D0C9201945780035D40B /* Info.plist */ = {isa = PBXFileReference; lastKnownFileType = text.plist.xml; path = Info.plist; sourceTree = "<group>"; };
		CD35D0CE201945780035D40B /* tipCalTests.xctest */ = {isa = PBXFileReference; explicitFileType = wrapper.cfbundle; includeInIndex = 0; path = tipCalTests.xctest; sourceTree = BUILT_PRODUCTS_DIR; };
		CD35D0D2201945780035D40B /* tipCalTests.swift */ = {isa = PBXFileReference; lastKnownFileType = sourcecode.swift; path = tipCalTests.swift; sourceTree = "<group>"; };
		CD35D0D4201945780035D40B /* Info.plist */ = {isa = PBXFileReference; lastKnownFileType = text.plist.xml; path = Info.plist; sourceTree = "<group>"; };
		CD35D0D9201945780035D40B /* tipCalUITests.xctest */ = {isa = PBXFileReference; explicitFileType = wrapper.cfbundle; includeInIndex = 0; path = tipCalUITests.xctest; sourceTree = BUILT_PRODUCTS_DIR; };
		CD35D0DD201945780035D40B /* tipCalUITests.swift */ = {isa = PBXFileReference; lastKnownFileType = sourcecode.swift; path = tipCalUITests.swift; sourceTree = "<group>"; };
		CD35D0DF201945780035D40B /* Info.plist */ = {isa = PBXFileReference; lastKnownFileType = text.plist.xml; path = Info.plist; sourceTree = "<group>"; };
/* End PBXFileReference section */

/* Begin PBXFrameworksBuildPhase section */
		CD35D0B7201945780035D40B /* Frameworks */ = {
			isa = PBXFrameworksBuildPhase;
			buildActionMask = 2147483647;
			files = (
			);
			runOnlyForDeploymentPostprocessing = 0;
		};
		CD35D0CB201945780035D40B /* Frameworks */ = {
			isa = PBXFrameworksBuildPhase;
			buildActionMask = 2147483647;
			files = (
			);
			runOnlyForDeploymentPostprocessing = 0;
		};
		CD35D0D6201945780035D40B /* Frameworks */ = {
			isa = PBXFrameworksBuildPhase;
			buildActionMask = 2147483647;
			files = (
			);
			runOnlyForDeploymentPostprocessing = 0;
		};
/* End PBXFrameworksBuildPhase section */

/* Begin PBXGroup section */
		CD35D0B1201945780035D40B = {
			isa = PBXGroup;
			children = (
				CD35D0BC201945780035D40B /* tipCal */,
				CD35D0D1201945780035D40B /* tipCalTests */,
				CD35D0DC201945780035D40B /* tipCalUITests */,
				CD35D0BB201945780035D40B /* Products */,
			);
			sourceTree = "<group>";
		};
		CD35D0BB201945780035D40B /* Products */ = {
			isa = PBXGroup;
			children = (
				CD35D0BA201945780035D40B /* tipCal.app */,
				CD35D0CE201945780035D40B /* tipCalTests.xctest */,
				CD35D0D9201945780035D40B /* tipCalUITests.xctest */,
			);
			name = Products;
			sourceTree = "<group>";
		};
		CD35D0BC201945780035D40B /* tipCal */ = {
			isa = PBXGroup;
			children = (
				CD35D0BD201945780035D40B /* AppDelegate.swift */,
				CD35D0BF201945780035D40B /* ViewController.swift */,
				CD35D0C1201945780035D40B /* Main.storyboard */,
				CD35D0C4201945780035D40B /* Assets.xcassets */,
				CD35D0C6201945780035D40B /* LaunchScreen.storyboard */,
				CD35D0C9201945780035D40B /* Info.plist */,
			);
			path = tipCal;
			sourceTree = "<group>";
		};
		CD35D0D1201945780035D40B /* tipCalTests */ = {
			isa = PBXGroup;
			children = (
				CD35D0D2201945780035D40B /* tipCalTests.swift */,
				CD35D0D4201945780035D40B /* Info.plist */,
			);
			path = tipCalTests;
			sourceTree = "<group>";
		};
		CD35D0DC201945780035D40B /* tipCalUITests */ = {
			isa = PBXGroup;
			children = (
				CD35D0DD201945780035D40B /* tipCalUITests.swift */,
				CD35D0DF201945780035D40B /* Info.plist */,
			);
			path = tipCalUITests;
			sourceTree = "<group>";
		};
/* End PBXGroup section */

/* Begin PBXNativeTarget section */
		CD35D0B9201945780035D40B /* tipCal */ = {
			isa = PBXNativeTarget;
			buildConfigurationList = CD35D0E2201945780035D40B /* Build configuration list for PBXNativeTarget "tipCal" */;
			buildPhases = (
				CD35D0B6201945780035D40B /* Sources */,
				CD35D0B7201945780035D40B /* Frameworks */,
				CD35D0B8201945780035D40B /* Resources */,
			);
			buildRules = (
			);
			dependencies = (
			);
			name = tipCal;
			productName = tipCal;
			productReference = CD35D0BA201945780035D40B /* tipCal.app */;
			productType = "com.apple.product-type.application";
		};
		CD35D0CD201945780035D40B /* tipCalTests */ = {
			isa = PBXNativeTarget;
			buildConfigurationList = CD35D0E5201945780035D40B /* Build configuration list for PBXNativeTarget "tipCalTests" */;
			buildPhases = (
				CD35D0CA201945780035D40B /* Sources */,
				CD35D0CB201945780035D40B /* Frameworks */,
				CD35D0CC201945780035D40B /* Resources */,
			);
			buildRules = (
			);
			dependencies = (
				CD35D0D0201945780035D40B /* PBXTargetDependency */,
			);
			name = tipCalTests;
			productName = tipCalTests;
			productReference = CD35D0CE201945780035D40B /* tipCalTests.xctest */;
			productType = "com.apple.product-type.bundle.unit-test";
		};
		CD35D0D8201945780035D40B /* tipCalUITests */ = {
			isa = PBXNativeTarget;
			buildConfigurationList = CD35D0E8201945780035D40B /* Build configuration list for PBXNativeTarget "tipCalUITests" */;
			buildPhases = (
				CD35D0D5201945780035D40B /* Sources */,
				CD35D0D6201945780035D40B /* Frameworks */,
				CD35D0D7201945780035D40B /* Resources */,
			);
			buildRules = (
			);
			dependencies = (
				CD35D0DB201945780035D40B /* PBXTargetDependency */,
			);
			name = tipCalUITests;
			productName = tipCalUITests;
			productReference = CD35D0D9201945780035D40B /* tipCalUITests.xctest */;
			productType = "com.apple.product-type.bundle.ui-testing";
		};
/* End PBXNativeTarget section */

/* Begin PBXProject section */
		CD35D0B2201945780035D40B /* Project object */ = {
			isa = PBXProject;
			attributes = {
				LastSwiftUpdateCheck = 0920;
				LastUpgradeCheck = 0920;
				ORGANIZATIONNAME = "Regie Daquioag";
				TargetAttributes = {
					CD35D0B9201945780035D40B = {
						CreatedOnToolsVersion = 9.2;
						ProvisioningStyle = Automatic;
					};
					CD35D0CD201945780035D40B = {
						CreatedOnToolsVersion = 9.2;
						ProvisioningStyle = Automatic;
						TestTargetID = CD35D0B9201945780035D40B;
					};
					CD35D0D8201945780035D40B = {
						CreatedOnToolsVersion = 9.2;
						ProvisioningStyle = Automatic;
						TestTargetID = CD35D0B9201945780035D40B;
					};
				};
			};
			buildConfigurationList = CD35D0B5201945780035D40B /* Build configuration list for PBXProject "tipCal" */;
			compatibilityVersion = "Xcode 8.0";
			developmentRegion = en;
			hasScannedForEncodings = 0;
			knownRegions = (
				en,
				Base,
			);
			mainGroup = CD35D0B1201945780035D40B;
			productRefGroup = CD35D0BB201945780035D40B /* Products */;
			projectDirPath = "";
			projectRoot = "";
			targets = (
				CD35D0B9201945780035D40B /* tipCal */,
				CD35D0CD201945780035D40B /* tipCalTests */,
				CD35D0D8201945780035D40B /* tipCalUITests */,
			);
		};
/* End PBXProject section */

/* Begin PBXResourcesBuildPhase section */
		CD35D0B8201945780035D40B /* Resources */ = {
			isa = PBXResourcesBuildPhase;
			buildActionMask = 2147483647;
			files = (
				CD35D0C8201945780035D40B /* LaunchScreen.storyboard in Resources */,
				CD35D0C5201945780035D40B /* Assets.xcassets in Resources */,
				CD35D0C3201945780035D40B /* Main.storyboard in Resources */,
			);
			runOnlyForDeploymentPostprocessing = 0;
		};
		CD35D0CC201945780035D40B /* Resources */ = {
			isa = PBXResourcesBuildPhase;
			buildActionMask = 2147483647;
			files = (
			);
			runOnlyForDeploymentPostprocessing = 0;
		};
		CD35D0D7201945780035D40B /* Resources */ = {
			isa = PBXResourcesBuildPhase;
			buildActionMask = 2147483647;
			files = (
			);
			runOnlyForDeploymentPostprocessing = 0;
		};
/* End PBXResourcesBuildPhase section */

/* Begin PBXSourcesBuildPhase section */
		CD35D0B6201945780035D40B /* Sources */ = {
			isa = PBXSourcesBuildPhase;
			buildActionMask = 2147483647;
			files = (
				CD35D0C0201945780035D40B /* ViewController.swift in Sources */,
				CD35D0BE201945780035D40B /* AppDelegate.swift in Sources */,
			);
			runOnlyForDeploymentPostprocessing = 0;
		};
		CD35D0CA201945780035D40B /* Sources */ = {
			isa = PBXSourcesBuildPhase;
			buildActionMask = 2147483647;
			files = (
				CD35D0D3201945780035D40B /* tipCalTests.swift in Sources */,
			);
			runOnlyForDeploymentPostprocessing = 0;
		};
		CD35D0D5201945780035D40B /* Sources */ = {
			isa = PBXSourcesBuildPhase;
			buildActionMask = 2147483647;
			files = (
				CD35D0DE201945780035D40B /* tipCalUITests.swift in Sources */,
			);
			runOnlyForDeploymentPostprocessing = 0;
		};
/* End PBXSourcesBuildPhase section */

/* Begin PBXTargetDependency section */
		CD35D0D0201945780035D40B /* PBXTargetDependency */ = {
			isa = PBXTargetDependency;
			target = CD35D0B9201945780035D40B /* tipCal */;
			targetProxy = CD35D0CF201945780035D40B /* PBXContainerItemProxy */;
		};
		CD35D0DB201945780035D40B /* PBXTargetDependency */ = {
			isa = PBXTargetDependency;
			target = CD35D0B9201945780035D40B /* tipCal */;
			targetProxy = CD35D0DA201945780035D40B /* PBXContainerItemProxy */;
		};
/* End PBXTargetDependency section */

/* Begin PBXVariantGroup section */
		CD35D0C1201945780035D40B /* Main.storyboard */ = {
			isa = PBXVariantGroup;
			children = (
				CD35D0C2201945780035D40B /* Base */,
			);
			name = Main.storyboard;
			sourceTree = "<group>";
		};
		CD35D0C6201945780035D40B /* LaunchScreen.storyboard */ = {
			isa = PBXVariantGroup;
			children = (
				CD35D0C7201945780035D40B /* Base */,
			);
			name = LaunchScreen.storyboard;
			sourceTree = "<group>";
		};
/* End PBXVariantGroup section */

/* Begin XCBuildConfiguration section */
		CD35D0E0201945780035D40B /* Debug */ = {
			isa = XCBuildConfiguration;
			buildSettings = {
				ALWAYS_SEARCH_USER_PATHS = NO;
				CLANG_ANALYZER_NONNULL = YES;
				CLANG_ANALYZER_NUMBER_OBJECT_CONVERSION = YES_AGGRESSIVE;
				CLANG_CXX_LANGUAGE_STANDARD = "gnu++14";
				CLANG_CXX_LIBRARY = "libc++";
				CLANG_ENABLE_MODULES = YES;
				CLANG_ENABLE_OBJC_ARC = YES;
				CLANG_WARN_BLOCK_CAPTURE_AUTORELEASING = YES;
				CLANG_WARN_BOOL_CONVERSION = YES;
				CLANG_WARN_COMMA = YES;
				CLANG_WARN_CONSTANT_CONVERSION = YES;
				CLANG_WARN_DIRECT_OBJC_ISA_USAGE = YES_ERROR;
				CLANG_WARN_DOCUMENTATION_COMMENTS = YES;
				CLANG_WARN_EMPTY_BODY = YES;
				CLANG_WARN_ENUM_CONVERSION = YES;
				CLANG_WARN_INFINITE_RECURSION = YES;
				CLANG_WARN_INT_CONVERSION = YES;
				CLANG_WARN_NON_LITERAL_NULL_CONVERSION = YES;
				CLANG_WARN_OBJC_LITERAL_CONVERSION = YES;
				CLANG_WARN_OBJC_ROOT_CLASS = YES_ERROR;
				CLANG_WARN_RANGE_LOOP_ANALYSIS = YES;
				CLANG_WARN_STRICT_PROTOTYPES = YES;
				CLANG_WARN_SUSPICIOUS_MOVE = YES;
				CLANG_WARN_UNGUARDED_AVAILABILITY = YES_AGGRESSIVE;
				CLANG_WARN_UNREACHABLE_CODE = YES;
				CLANG_WARN__DUPLICATE_METHOD_MATCH = YES;
				CODE_SIGN_IDENTITY = "iPhone Developer";
				COPY_PHASE_STRIP = NO;
				DEBUG_INFORMATION_FORMAT = dwarf;
				ENABLE_STRICT_OBJC_MSGSEND = YES;
				ENABLE_TESTABILITY = YES;
				GCC_C_LANGUAGE_STANDARD = gnu11;
				GCC_DYNAMIC_NO_PIC = NO;
				GCC_NO_COMMON_BLOCKS = YES;
				GCC_OPTIMIZATION_LEVEL = 0;
				GCC_PREPROCESSOR_DEFINITIONS = (
					"DEBUG=1",
					"$(inherited)",
				);
				GCC_WARN_64_TO_32_BIT_CONVERSION = YES;
				GCC_WARN_ABOUT_RETURN_TYPE = YES_ERROR;
				GCC_WARN_UNDECLARED_SELECTOR = YES;
				GCC_WARN_UNINITIALIZED_AUTOS = YES_AGGRESSIVE;
				GCC_WARN_UNUSED_FUNCTION = YES;
				GCC_WARN_UNUSED_VARIABLE = YES;
				IPHONEOS_DEPLOYMENT_TARGET = 11.2;
				MTL_ENABLE_DEBUG_INFO = YES;
				ONLY_ACTIVE_ARCH = YES;
				SDKROOT = iphoneos;
				SWIFT_ACTIVE_COMPILATION_CONDITIONS = DEBUG;
				SWIFT_OPTIMIZATION_LEVEL = "-Onone";
			};
			name = Debug;
		};
		CD35D0E1201945780035D40B /* Release */ = {
			isa = XCBuildConfiguration;
			buildSettings = {
				ALWAYS_SEARCH_USER_PATHS = NO;
				CLANG_ANALYZER_NONNULL = YES;
				CLANG_ANALYZER_NUMBER_OBJECT_CONVERSION = YES_AGGRESSIVE;
				CLANG_CXX_LANGUAGE_STANDARD = "gnu++14";
				CLANG_CXX_LIBRARY = "libc++";
				CLANG_ENABLE_MODULES = YES;
				CLANG_ENABLE_OBJC_ARC = YES;
				CLANG_WARN_BLOCK_CAPTURE_AUTORELEASING = YES;
				CLANG_WARN_BOOL_CONVERSION = YES;
				CLANG_WARN_COMMA = YES;
				CLANG_WARN_CONSTANT_CONVERSION = YES;
				CLANG_WARN_DIRECT_OBJC_ISA_USAGE = YES_ERROR;
				CLANG_WARN_DOCUMENTATION_COMMENTS = YES;
				CLANG_WARN_EMPTY_BODY = YES;
				CLANG_WARN_ENUM_CONVERSION = YES;
				CLANG_WARN_INFINITE_RECURSION = YES;
				CLANG_WARN_INT_CONVERSION = YES;
				CLANG_WARN_NON_LITERAL_NULL_CONVERSION = YES;
				CLANG_WARN_OBJC_LITERAL_CONVERSION = YES;
				CLANG_WARN_OBJC_ROOT_CLASS = YES_ERROR;
				CLANG_WARN_RANGE_LOOP_ANALYSIS = YES;
				CLANG_WARN_STRICT_PROTOTYPES = YES;
				CLANG_WARN_SUSPICIOUS_MOVE = YES;
				CLANG_WARN_UNGUARDED_AVAILABILITY = YES_AGGRESSIVE;
				CLANG_WARN_UNREACHABLE_CODE = YES;
				CLANG_WARN__DUPLICATE_METHOD_MATCH = YES;
				CODE_SIGN_IDENTITY = "iPhone Developer";
				COPY_PHASE_STRIP = NO;
				DEBUG_INFORMATION_FORMAT = "dwarf-with-dsym";
				ENABLE_NS_ASSERTIONS = NO;
				ENABLE_STRICT_OBJC_MSGSEND = YES;
				GCC_C_LANGUAGE_STANDARD = gnu11;
				GCC_NO_COMMON_BLOCKS = YES;
				GCC_WARN_64_TO_32_BIT_CONVERSION = YES;
				GCC_WARN_ABOUT_RETURN_TYPE = YES_ERROR;
				GCC_WARN_UNDECLARED_SELECTOR = YES;
				GCC_WARN_UNINITIALIZED_AUTOS = YES_AGGRESSIVE;
				GCC_WARN_UNUSED_FUNCTION = YES;
				GCC_WARN_UNUSED_VARIABLE = YES;
				IPHONEOS_DEPLOYMENT_TARGET = 11.2;
				MTL_ENABLE_DEBUG_INFO = NO;
				SDKROOT = iphoneos;
				SWIFT_OPTIMIZATION_LEVEL = "-Owholemodule";
				VALIDATE_PRODUCT = YES;
			};
			name = Release;
		};
		CD35D0E3201945780035D40B /* Debug */ = {
			isa = XCBuildConfiguration;
			buildSettings = {
				ASSETCATALOG_COMPILER_APPICON_NAME = AppIcon;
				CODE_SIGN_STYLE = Automatic;
				INFOPLIST_FILE = tipCal/Info.plist;
				LD_RUNPATH_SEARCH_PATHS = "$(inherited) @executable_path/Frameworks";
				PRODUCT_BUNDLE_IDENTIFIER = com.codepath.tipCal;
				PRODUCT_NAME = "$(TARGET_NAME)";
				SWIFT_VERSION = 4.0;
				TARGETED_DEVICE_FAMILY = "1,2";
			};
			name = Debug;
		};
		CD35D0E4201945780035D40B /* Release */ = {
			isa = XCBuildConfiguration;
			buildSettings = {
				ASSETCATALOG_COMPILER_APPICON_NAME = AppIcon;
				CODE_SIGN_STYLE = Automatic;
				INFOPLIST_FILE = tipCal/Info.plist;
				LD_RUNPATH_SEARCH_PATHS = "$(inherited) @executable_path/Frameworks";
				PRODUCT_BUNDLE_IDENTIFIER = com.codepath.tipCal;
				PRODUCT_NAME = "$(TARGET_NAME)";
				SWIFT_VERSION = 4.0;
				TARGETED_DEVICE_FAMILY = "1,2";
			};
			name = Release;
		};
		CD35D0E6201945780035D40B /* Debug */ = {
			isa = XCBuildConfiguration;
			buildSettings = {
				ALWAYS_EMBED_SWIFT_STANDARD_LIBRARIES = YES;
				BUNDLE_LOADER = "$(TEST_HOST)";
				CODE_SIGN_STYLE = Automatic;
				INFOPLIST_FILE = tipCalTests/Info.plist;
				LD_RUNPATH_SEARCH_PATHS = "$(inherited) @executable_path/Frameworks @loader_path/Frameworks";
				PRODUCT_BUNDLE_IDENTIFIER = com.codepath.tipCalTests;
				PRODUCT_NAME = "$(TARGET_NAME)";
				SWIFT_VERSION = 4.0;
				TARGETED_DEVICE_FAMILY = "1,2";
				TEST_HOST = "$(BUILT_PRODUCTS_DIR)/tipCal.app/tipCal";
			};
			name = Debug;
		};
		CD35D0E7201945780035D40B /* Release */ = {
			isa = XCBuildConfiguration;
			buildSettings = {
				ALWAYS_EMBED_SWIFT_STANDARD_LIBRARIES = YES;
				BUNDLE_LOADER = "$(TEST_HOST)";
				CODE_SIGN_STYLE = Automatic;
				INFOPLIST_FILE = tipCalTests/Info.plist;
				LD_RUNPATH_SEARCH_PATHS = "$(inherited) @executable_path/Frameworks @loader_path/Frameworks";
				PRODUCT_BUNDLE_IDENTIFIER = com.codepath.tipCalTests;
				PRODUCT_NAME = "$(TARGET_NAME)";
				SWIFT_VERSION = 4.0;
				TARGETED_DEVICE_FAMILY = "1,2";
				TEST_HOST = "$(BUILT_PRODUCTS_DIR)/tipCal.app/tipCal";
			};
			name = Release;
		};
		CD35D0E9201945780035D40B /* Debug */ = {
			isa = XCBuildConfiguration;
			buildSettings = {
				ALWAYS_EMBED_SWIFT_STANDARD_LIBRARIES = YES;
				CODE_SIGN_STYLE = Automatic;
				INFOPLIST_FILE = tipCalUITests/Info.plist;
				LD_RUNPATH_SEARCH_PATHS = "$(inherited) @executable_path/Frameworks @loader_path/Frameworks";
				PRODUCT_BUNDLE_IDENTIFIER = com.codepath.tipCalUITests;
				PRODUCT_NAME = "$(TARGET_NAME)";
				SWIFT_VERSION = 4.0;
				TARGETED_DEVICE_FAMILY = "1,2";
				TEST_TARGET_NAME = tipCal;
			};
			name = Debug;
		};
		CD35D0EA201945780035D40B /* Release */ = {
			isa = XCBuildConfiguration;
			buildSettings = {
				ALWAYS_EMBED_SWIFT_STANDARD_LIBRARIES = YES;
				CODE_SIGN_STYLE = Automatic;
				INFOPLIST_FILE = tipCalUITests/Info.plist;
				LD_RUNPATH_SEARCH_PATHS = "$(inherited) @executable_path/Frameworks @loader_path/Frameworks";
				PRODUCT_BUNDLE_IDENTIFIER = com.codepath.tipCalUITests;
				PRODUCT_NAME = "$(TARGET_NAME)";
				SWIFT_VERSION = 4.0;
				TARGETED_DEVICE_FAMILY = "1,2";
				TEST_TARGET_NAME = tipCal;
			};
			name = Release;
		};
/* End XCBuildConfiguration section */

/* Begin XCConfigurationList section */
		CD35D0B5201945780035D40B /* Build configuration list for PBXProject "tipCal" */ = {
			isa = XCConfigurationList;
			buildConfigurations = (
				CD35D0E0201945780035D40B /* Debug */,
				CD35D0E1201945780035D40B /* Release */,
			);
			defaultConfigurationIsVisible = 0;
			defaultConfigurationName = Release;
		};
		CD35D0E2201945780035D40B /* Build configuration list for PBXNativeTarget "tipCal" */ = {
			isa = XCConfigurationList;
			buildConfigurations = (
				CD35D0E3201945780035D40B /* Debug */,
				CD35D0E4201945780035D40B /* Release */,
			);
			defaultConfigurationIsVisible = 0;
			defaultConfigurationName = Release;
		};
		CD35D0E5201945780035D40B /* Build configuration list for PBXNativeTarget "tipCalTests" */ = {
			isa = XCConfigurationList;
			buildConfigurations = (
				CD35D0E6201945780035D40B /* Debug */,
				CD35D0E7201945780035D40B /* Release */,
			);
			defaultConfigurationIsVisible = 0;
			defaultConfigurationName = Release;
		};
		CD35D0E8201945780035D40B /* Build configuration list for PBXNativeTarget "tipCalUITests" */ = {
			isa = XCConfigurationList;
			buildConfigurations = (
				CD35D0E9201945780035D40B /* Debug */,
				CD35D0EA201945780035D40B /* Release */,
			);
			defaultConfigurationIsVisible = 0;
			defaultConfigurationName = Release;
		};
/* End XCConfigurationList section */
	};
	rootObject = CD35D0B2201945780035D40B /* Project object */;
}
